
Microsoft Visual Studio Solution File, Format Version 12.00
# Visual Studio Version 16
VisualStudioVersion = 16.0.30011.22
MinimumVisualStudioVersion = 10.0.40219.1
Project("{9A19103F-16F7-4668-BE54-9A1E7A4F7556}") = "Common", "Common\Common.csproj", "{FE2E031E-3F35-4879-968A-6CAB991B0CB1}"
EndProject
Project("{FAE04EC0-301F-11D3-BF4B-00C04F79EFBC}") = "Server", "Server\Server.csproj", "{955B30B3-6E6B-4BAD-894A-AB54F349ABC5}"
EndProject
Project("{FAE04EC0-301F-11D3-BF4B-00C04F79EFBC}") = "Client", "Client\Client.csproj", "{DA517492-3E41-42CA-A08B-86CD5B09C821}"
	ProjectSection(ProjectDependencies) = postProject
		{FE2E031E-3F35-4879-968A-6CAB991B0CB1} = {FE2E031E-3F35-4879-968A-6CAB991B0CB1}
	EndProjectSection
EndProject
Project("{FAE04EC0-301F-11D3-BF4B-00C04F79EFBC}") = "ClinetForm", "ClinetForm\ClinetForm.csproj", "{38A91F59-8FA9-450F-ACBF-0068595EF542}"
EndProject
Global
	GlobalSection(SolutionConfigurationPlatforms) = preSolution
		Debug|Any CPU = Debug|Any CPU
		Release|Any CPU = Release|Any CPU
	EndGlobalSection
	GlobalSection(ProjectConfigurationPlatforms) = postSolution
		{FE2E031E-3F35-4879-968A-6CAB991B0CB1}.Debug|Any CPU.ActiveCfg = Debug|Any CPU
		{FE2E031E-3F35-4879-968A-6CAB991B0CB1}.Debug|Any CPU.Build.0 = Debug|Any CPU
		{FE2E031E-3F35-4879-968A-6CAB991B0CB1}.Release|Any CPU.ActiveCfg = Release|Any CPU
		{FE2E031E-3F35-4879-968A-6CAB991B0CB1}.Release|Any CPU.Build.0 = Release|Any CPU
		{955B30B3-6E6B-4BAD-894A-AB54F349ABC5}.Debug|Any CPU.ActiveCfg = Debug|Any CPU
		{955B30B3-6E6B-4BAD-894A-AB54F349ABC5}.Debug|Any CPU.Build.0 = Debug|Any CPU
		{955B30B3-6E6B-4BAD-894A-AB54F349ABC5}.Release|Any CPU.ActiveCfg = Release|Any CPU
		{955B30B3-6E6B-4BAD-894A-AB54F349ABC5}.Release|Any CPU.Build.0 = Release|Any CPU
		{DA517492-3E41-42CA-A08B-86CD5B09C821}.Debug|Any CPU.ActiveCfg = Debug|Any CPU
		{DA517492-3E41-42CA-A08B-86CD5B09C821}.Debug|Any CPU.Build.0 = Debug|Any CPU
		{DA517492-3E41-42CA-A08B-86CD5B09C821}.Release|Any CPU.ActiveCfg = Release|Any CPU
		{DA517492-3E41-42CA-A08B-86CD5B09C821}.Release|Any CPU.Build.0 = Release|Any CPU
		{38A91F59-8FA9-450F-ACBF-0068595EF542}.Debug|Any CPU.ActiveCfg = Debug|Any CPU
		{38A91F59-8FA9-450F-ACBF-0068595EF542}.Debug|Any CPU.Build.0 = Debug|Any CPU
		{38A91F59-8FA9-450F-ACBF-0068595EF542}.Release|Any CPU.ActiveCfg = Release|Any CPU
		{38A91F59-8FA9-450F-ACBF-0068595EF542}.Release|Any CPU.Build.0 = Release|Any CPU
	EndGlobalSection
	GlobalSection(SolutionProperties) = preSolution
		HideSolutionNode = FALSE
	EndGlobalSection
	GlobalSection(ExtensibilityGlobals) = postSolution
		SolutionGuid = {33308833-909A-42E1-9A7D-CFB089A54D06}
	EndGlobalSection
EndGlobal
